// !$*UTF8*$!
{
	archiveVersion = 1;
	classes = {
	};
	objectVersion = 60;
	objects = {

/* Begin PBXBuildFile section */
		C325971F2C8BEBB600D9F7D5 /* CanvasProjectAppApp.swift in Sources */ = {isa = PBXBuildFile; fileRef = C325971E2C8BEBB600D9F7D5 /* CanvasProjectAppApp.swift */; };
		C32597232C8BEBB800D9F7D5 /* Assets.xcassets in Resources */ = {isa = PBXBuildFile; fileRef = C32597222C8BEBB800D9F7D5 /* Assets.xcassets */; };
		C32597262C8BEBB800D9F7D5 /* Preview Assets.xcassets in Resources */ = {isa = PBXBuildFile; fileRef = C32597252C8BEBB800D9F7D5 /* Preview Assets.xcassets */; };
		C325974E2C8BECC800D9F7D5 /* CanvasView.swift in Sources */ = {isa = PBXBuildFile; fileRef = C325974D2C8BECC800D9F7D5 /* CanvasView.swift */; };
		C32597502C8BECD200D9F7D5 /* CanvasViewModel.swift in Sources */ = {isa = PBXBuildFile; fileRef = C325974F2C8BECD200D9F7D5 /* CanvasViewModel.swift */; };
		C32597582C8BEFC100D9F7D5 /* CanvasItemShowcaseView.swift in Sources */ = {isa = PBXBuildFile; fileRef = C32597572C8BEFC100D9F7D5 /* CanvasItemShowcaseView.swift */; };
		C325975A2C8BF11D00D9F7D5 /* CanvasItemModel.swift in Sources */ = {isa = PBXBuildFile; fileRef = C32597592C8BF11D00D9F7D5 /* CanvasItemModel.swift */; };
		C325975E2C8BF1FF00D9F7D5 /* ColorHelper.swift in Sources */ = {isa = PBXBuildFile; fileRef = C325975D2C8BF1FF00D9F7D5 /* ColorHelper.swift */; };
		C32597602C8BF20500D9F7D5 /* ColorHandler.swift in Sources */ = {isa = PBXBuildFile; fileRef = C325975F2C8BF20500D9F7D5 /* ColorHandler.swift */; };
		C32597632C8BF28200D9F7D5 /* Color.xcassets in Resources */ = {isa = PBXBuildFile; fileRef = C32597622C8BF28200D9F7D5 /* Color.xcassets */; };
		C32597652C8C14EA00D9F7D5 /* View+Extension.swift in Sources */ = {isa = PBXBuildFile; fileRef = C32597642C8C14EA00D9F7D5 /* View+Extension.swift */; };
		C32597692C8C28FD00D9F7D5 /* Mock.swift in Sources */ = {isa = PBXBuildFile; fileRef = C32597682C8C28FD00D9F7D5 /* Mock.swift */; };
		C325976C2C8C295100D9F7D5 /* SheetModifier.swift in Sources */ = {isa = PBXBuildFile; fileRef = C325976B2C8C295100D9F7D5 /* SheetModifier.swift */; };
		C325976F2C8C2DEB00D9F7D5 /* FontHandler.swift in Sources */ = {isa = PBXBuildFile; fileRef = C325976E2C8C2DEB00D9F7D5 /* FontHandler.swift */; };
		C32597712C8C2EDF00D9F7D5 /* FontHelper.swift in Sources */ = {isa = PBXBuildFile; fileRef = C32597702C8C2EDF00D9F7D5 /* FontHelper.swift */; };
		C32597732C8C35AB00D9F7D5 /* PexelsManager.swift in Sources */ = {isa = PBXBuildFile; fileRef = C32597722C8C35AB00D9F7D5 /* PexelsManager.swift */; };
		C32597752C8C35E800D9F7D5 /* PexelsModel.swift in Sources */ = {isa = PBXBuildFile; fileRef = C32597742C8C35E800D9F7D5 /* PexelsModel.swift */; };
		C32597772C8C366300D9F7D5 /* SecretKeys.swift in Sources */ = {isa = PBXBuildFile; fileRef = C32597762C8C366300D9F7D5 /* SecretKeys.swift */; };
		C325977B2C8CA09F00D9F7D5 /* Constant.swift in Sources */ = {isa = PBXBuildFile; fileRef = C325977A2C8CA09F00D9F7D5 /* Constant.swift */; };
		C3BF4F892C8DE2F70085236B /* CanvasItemView.swift in Sources */ = {isa = PBXBuildFile; fileRef = C3BF4F882C8DE2F70085236B /* CanvasItemView.swift */; };
		C3BF4F8C2C8DFDE50085236B /* AlignmentType.swift in Sources */ = {isa = PBXBuildFile; fileRef = C3BF4F8B2C8DFDE50085236B /* AlignmentType.swift */; };
/* End PBXBuildFile section */

/* Begin PBXFileReference section */
		C325971B2C8BEBB600D9F7D5 /* CanvasProjectApp.app */ = {isa = PBXFileReference; explicitFileType = wrapper.application; includeInIndex = 0; path = CanvasProjectApp.app; sourceTree = BUILT_PRODUCTS_DIR; };
		C325971E2C8BEBB600D9F7D5 /* CanvasProjectAppApp.swift */ = {isa = PBXFileReference; lastKnownFileType = sourcecode.swift; path = CanvasProjectAppApp.swift; sourceTree = "<group>"; };
		C32597222C8BEBB800D9F7D5 /* Assets.xcassets */ = {isa = PBXFileReference; lastKnownFileType = folder.assetcatalog; path = Assets.xcassets; sourceTree = "<group>"; };
		C32597252C8BEBB800D9F7D5 /* Preview Assets.xcassets */ = {isa = PBXFileReference; lastKnownFileType = folder.assetcatalog; path = "Preview Assets.xcassets"; sourceTree = "<group>"; };
		C325974D2C8BECC800D9F7D5 /* CanvasView.swift */ = {isa = PBXFileReference; lastKnownFileType = sourcecode.swift; path = CanvasView.swift; sourceTree = "<group>"; };
		C325974F2C8BECD200D9F7D5 /* CanvasViewModel.swift */ = {isa = PBXFileReference; lastKnownFileType = sourcecode.swift; path = CanvasViewModel.swift; sourceTree = "<group>"; };
		C32597572C8BEFC100D9F7D5 /* CanvasItemShowcaseView.swift */ = {isa = PBXFileReference; lastKnownFileType = sourcecode.swift; path = CanvasItemShowcaseView.swift; sourceTree = "<group>"; };
		C32597592C8BF11D00D9F7D5 /* CanvasItemModel.swift */ = {isa = PBXFileReference; lastKnownFileType = sourcecode.swift; path = CanvasItemModel.swift; sourceTree = "<group>"; };
		C325975D2C8BF1FF00D9F7D5 /* ColorHelper.swift */ = {isa = PBXFileReference; lastKnownFileType = sourcecode.swift; path = ColorHelper.swift; sourceTree = "<group>"; };
		C325975F2C8BF20500D9F7D5 /* ColorHandler.swift */ = {isa = PBXFileReference; lastKnownFileType = sourcecode.swift; path = ColorHandler.swift; sourceTree = "<group>"; };
		C32597622C8BF28200D9F7D5 /* Color.xcassets */ = {isa = PBXFileReference; lastKnownFileType = folder.assetcatalog; path = Color.xcassets; sourceTree = "<group>"; };
		C32597642C8C14EA00D9F7D5 /* View+Extension.swift */ = {isa = PBXFileReference; lastKnownFileType = sourcecode.swift; path = "View+Extension.swift"; sourceTree = "<group>"; };
		C32597682C8C28FD00D9F7D5 /* Mock.swift */ = {isa = PBXFileReference; lastKnownFileType = sourcecode.swift; path = Mock.swift; sourceTree = "<group>"; };
		C325976B2C8C295100D9F7D5 /* SheetModifier.swift */ = {isa = PBXFileReference; lastKnownFileType = sourcecode.swift; path = SheetModifier.swift; sourceTree = "<group>"; };
		C325976E2C8C2DEB00D9F7D5 /* FontHandler.swift */ = {isa = PBXFileReference; lastKnownFileType = sourcecode.swift; path = FontHandler.swift; sourceTree = "<group>"; };
		C32597702C8C2EDF00D9F7D5 /* FontHelper.swift */ = {isa = PBXFileReference; lastKnownFileType = sourcecode.swift; path = FontHelper.swift; sourceTree = "<group>"; };
		C32597722C8C35AB00D9F7D5 /* PexelsManager.swift */ = {isa = PBXFileReference; lastKnownFileType = sourcecode.swift; path = PexelsManager.swift; sourceTree = "<group>"; };
		C32597742C8C35E800D9F7D5 /* PexelsModel.swift */ = {isa = PBXFileReference; lastKnownFileType = sourcecode.swift; path = PexelsModel.swift; sourceTree = "<group>"; };
		C32597762C8C366300D9F7D5 /* SecretKeys.swift */ = {isa = PBXFileReference; lastKnownFileType = sourcecode.swift; path = SecretKeys.swift; sourceTree = "<group>"; };
		C325977A2C8CA09F00D9F7D5 /* Constant.swift */ = {isa = PBXFileReference; lastKnownFileType = sourcecode.swift; path = Constant.swift; sourceTree = "<group>"; };
		C3BF4F882C8DE2F70085236B /* CanvasItemView.swift */ = {isa = PBXFileReference; lastKnownFileType = sourcecode.swift; path = CanvasItemView.swift; sourceTree = "<group>"; };
		C3BF4F8B2C8DFDE50085236B /* AlignmentType.swift */ = {isa = PBXFileReference; lastKnownFileType = sourcecode.swift; path = AlignmentType.swift; sourceTree = "<group>"; };
/* End PBXFileReference section */

/* Begin PBXFrameworksBuildPhase section */
		C32597182C8BEBB600D9F7D5 /* Frameworks */ = {
			isa = PBXFrameworksBuildPhase;
			buildActionMask = 2147483647;
			files = (
			);
			runOnlyForDeploymentPostprocessing = 0;
		};
/* End PBXFrameworksBuildPhase section */

/* Begin PBXGroup section */
		C32597122C8BEBB600D9F7D5 = {
			isa = PBXGroup;
			children = (
				C325971D2C8BEBB600D9F7D5 /* CanvasProjectApp */,
				C325971C2C8BEBB600D9F7D5 /* Products */,
			);
			sourceTree = "<group>";
		};
		C325971C2C8BEBB600D9F7D5 /* Products */ = {
			isa = PBXGroup;
			children = (
				C325971B2C8BEBB600D9F7D5 /* CanvasProjectApp.app */,
			);
			name = Products;
			sourceTree = "<group>";
		};
		C325971D2C8BEBB600D9F7D5 /* CanvasProjectApp */ = {
			isa = PBXGroup;
			children = (
				C325974B2C8BEC7A00D9F7D5 /* App */,
				C32597532C8BED1900D9F7D5 /* Extension */,
				C32597482C8BEC6000D9F7D5 /* MVVM */,
				C32597542C8BED4300D9F7D5 /* Server */,
				C325974A2C8BEC7200D9F7D5 /* Helper */,
				C32597492C8BEC6800D9F7D5 /* Resource */,
				C32597242C8BEBB800D9F7D5 /* Preview Content */,
			);
			path = CanvasProjectApp;
			sourceTree = "<group>";
		};
		C32597242C8BEBB800D9F7D5 /* Preview Content */ = {
			isa = PBXGroup;
			children = (
				C32597252C8BEBB800D9F7D5 /* Preview Assets.xcassets */,
			);
			path = "Preview Content";
			sourceTree = "<group>";
		};
		C32597482C8BEC6000D9F7D5 /* MVVM */ = {
			isa = PBXGroup;
			children = (
				C32597522C8BECF500D9F7D5 /* View&ViewModel */,
				C32597512C8BECDA00D9F7D5 /* Model */,
			);
			path = MVVM;
			sourceTree = "<group>";
		};
		C32597492C8BEC6800D9F7D5 /* Resource */ = {
			isa = PBXGroup;
			children = (
				C32597612C8BF26F00D9F7D5 /* assets */,
			);
			path = Resource;
			sourceTree = "<group>";
		};
		C325974A2C8BEC7200D9F7D5 /* Helper */ = {
			isa = PBXGroup;
			children = (
				C325977A2C8CA09F00D9F7D5 /* Constant.swift */,
				C32597682C8C28FD00D9F7D5 /* Mock.swift */,
				C32597762C8C366300D9F7D5 /* SecretKeys.swift */,
				C325975B2C8BF1D800D9F7D5 /* Instruemnts */,
				C32597552C8BEFA200D9F7D5 /* view */,
				C325976A2C8C290900D9F7D5 /* Modifier */,
				C3BF4F8A2C8DFDD80085236B /* type */,
			);
			path = Helper;
			sourceTree = "<group>";
		};
		C325974B2C8BEC7A00D9F7D5 /* App */ = {
			isa = PBXGroup;
			children = (
				C325971E2C8BEBB600D9F7D5 /* CanvasProjectAppApp.swift */,
			);
			path = App;
			sourceTree = "<group>";
		};
		C325974C2C8BECA100D9F7D5 /* canvas */ = {
			isa = PBXGroup;
			children = (
				C325974D2C8BECC800D9F7D5 /* CanvasView.swift */,
				C325974F2C8BECD200D9F7D5 /* CanvasViewModel.swift */,
			);
			path = canvas;
			sourceTree = "<group>";
		};
		C32597512C8BECDA00D9F7D5 /* Model */ = {
			isa = PBXGroup;
			children = (
				C32597592C8BF11D00D9F7D5 /* CanvasItemModel.swift */,
				C32597742C8C35E800D9F7D5 /* PexelsModel.swift */,
			);
			path = Model;
			sourceTree = "<group>";
		};
		C32597522C8BECF500D9F7D5 /* View&ViewModel */ = {
			isa = PBXGroup;
			children = (
				C325974C2C8BECA100D9F7D5 /* canvas */,
			);
			path = "View&ViewModel";
			sourceTree = "<group>";
		};
		C32597532C8BED1900D9F7D5 /* Extension */ = {
			isa = PBXGroup;
			children = (
				C32597642C8C14EA00D9F7D5 /* View+Extension.swift */,
			);
			path = Extension;
			sourceTree = "<group>";
		};
		C32597542C8BED4300D9F7D5 /* Server */ = {
			isa = PBXGroup;
			children = (
				C32597722C8C35AB00D9F7D5 /* PexelsManager.swift */,
			);
			path = Server;
			sourceTree = "<group>";
		};
		C32597552C8BEFA200D9F7D5 /* view */ = {
			isa = PBXGroup;
			children = (
				C32597562C8BEFAE00D9F7D5 /* canvas */,
			);
			path = view;
			sourceTree = "<group>";
		};
		C32597562C8BEFAE00D9F7D5 /* canvas */ = {
			isa = PBXGroup;
			children = (
				C32597572C8BEFC100D9F7D5 /* CanvasItemShowcaseView.swift */,
				C3BF4F882C8DE2F70085236B /* CanvasItemView.swift */,
			);
			path = canvas;
			sourceTree = "<group>";
		};
		C325975B2C8BF1D800D9F7D5 /* Instruemnts */ = {
			isa = PBXGroup;
			children = (
				C325976D2C8C2DE300D9F7D5 /* font */,
				C325975C2C8BF1EB00D9F7D5 /* color */,
			);
			path = Instruemnts;
			sourceTree = "<group>";
		};
		C325975C2C8BF1EB00D9F7D5 /* color */ = {
			isa = PBXGroup;
			children = (
				C325975D2C8BF1FF00D9F7D5 /* ColorHelper.swift */,
				C325975F2C8BF20500D9F7D5 /* ColorHandler.swift */,
			);
			path = color;
			sourceTree = "<group>";
		};
		C32597612C8BF26F00D9F7D5 /* assets */ = {
			isa = PBXGroup;
			children = (
				C32597222C8BEBB800D9F7D5 /* Assets.xcassets */,
				C32597622C8BF28200D9F7D5 /* Color.xcassets */,
			);
			path = assets;
			sourceTree = "<group>";
		};
		C325976A2C8C290900D9F7D5 /* Modifier */ = {
			isa = PBXGroup;
			children = (
				C325976B2C8C295100D9F7D5 /* SheetModifier.swift */,
			);
			path = Modifier;
			sourceTree = "<group>";
		};
		C325976D2C8C2DE300D9F7D5 /* font */ = {
			isa = PBXGroup;
			children = (
				C325976E2C8C2DEB00D9F7D5 /* FontHandler.swift */,
				C32597702C8C2EDF00D9F7D5 /* FontHelper.swift */,
			);
			path = font;
			sourceTree = "<group>";
		};
		C3BF4F8A2C8DFDD80085236B /* type */ = {
			isa = PBXGroup;
			children = (
				C3BF4F8B2C8DFDE50085236B /* AlignmentType.swift */,
			);
			path = type;
			sourceTree = "<group>";
		};
/* End PBXGroup section */

/* Begin PBXNativeTarget section */
		C325971A2C8BEBB600D9F7D5 /* CanvasProjectApp */ = {
			isa = PBXNativeTarget;
			buildConfigurationList = C325973F2C8BEBB800D9F7D5 /* Build configuration list for PBXNativeTarget "CanvasProjectApp" */;
			buildPhases = (
				C32597172C8BEBB600D9F7D5 /* Sources */,
				C32597182C8BEBB600D9F7D5 /* Frameworks */,
				C32597192C8BEBB600D9F7D5 /* Resources */,
			);
			buildRules = (
			);
			dependencies = (
			);
			name = CanvasProjectApp;
			productName = CanvasProjectApp;
			productReference = C325971B2C8BEBB600D9F7D5 /* CanvasProjectApp.app */;
			productType = "com.apple.product-type.application";
		};
/* End PBXNativeTarget section */

/* Begin PBXProject section */
		C32597132C8BEBB600D9F7D5 /* Project object */ = {
			isa = PBXProject;
			attributes = {
				BuildIndependentTargetsInParallel = 1;
				LastSwiftUpdateCheck = 1600;
				LastUpgradeCheck = 1600;
				TargetAttributes = {
					C325971A2C8BEBB600D9F7D5 = {
						CreatedOnToolsVersion = 16.0;
					};
				};
			};
			buildConfigurationList = C32597162C8BEBB600D9F7D5 /* Build configuration list for PBXProject "CanvasProjectApp" */;
			compatibilityVersion = "Xcode 15.0";
			developmentRegion = en;
			hasScannedForEncodings = 0;
			knownRegions = (
				en,
				Base,
			);
			mainGroup = C32597122C8BEBB600D9F7D5;
			productRefGroup = C325971C2C8BEBB600D9F7D5 /* Products */;
			projectDirPath = "";
			projectRoot = "";
			targets = (
				C325971A2C8BEBB600D9F7D5 /* CanvasProjectApp */,
			);
		};
/* End PBXProject section */

/* Begin PBXResourcesBuildPhase section */
		C32597192C8BEBB600D9F7D5 /* Resources */ = {
			isa = PBXResourcesBuildPhase;
			buildActionMask = 2147483647;
			files = (
				C32597262C8BEBB800D9F7D5 /* Preview Assets.xcassets in Resources */,
				C32597232C8BEBB800D9F7D5 /* Assets.xcassets in Resources */,
				C32597632C8BF28200D9F7D5 /* Color.xcassets in Resources */,
			);
			runOnlyForDeploymentPostprocessing = 0;
		};
/* End PBXResourcesBuildPhase section */

/* Begin PBXSourcesBuildPhase section */
		C32597172C8BEBB600D9F7D5 /* Sources */ = {
			isa = PBXSourcesBuildPhase;
			buildActionMask = 2147483647;
			files = (
				C32597502C8BECD200D9F7D5 /* CanvasViewModel.swift in Sources */,
				C32597692C8C28FD00D9F7D5 /* Mock.swift in Sources */,
				C32597732C8C35AB00D9F7D5 /* PexelsManager.swift in Sources */,
				C325977B2C8CA09F00D9F7D5 /* Constant.swift in Sources */,
				C32597602C8BF20500D9F7D5 /* ColorHandler.swift in Sources */,
				C325976C2C8C295100D9F7D5 /* SheetModifier.swift in Sources */,
				C325976F2C8C2DEB00D9F7D5 /* FontHandler.swift in Sources */,
				C32597652C8C14EA00D9F7D5 /* View+Extension.swift in Sources */,
				C325975E2C8BF1FF00D9F7D5 /* ColorHelper.swift in Sources */,
				C325971F2C8BEBB600D9F7D5 /* CanvasProjectAppApp.swift in Sources */,
				C32597752C8C35E800D9F7D5 /* PexelsModel.swift in Sources */,
				C3BF4F8C2C8DFDE50085236B /* AlignmentType.swift in Sources */,
				C3BF4F892C8DE2F70085236B /* CanvasItemView.swift in Sources */,
				C325975A2C8BF11D00D9F7D5 /* CanvasItemModel.swift in Sources */,
				C32597712C8C2EDF00D9F7D5 /* FontHelper.swift in Sources */,
				C32597772C8C366300D9F7D5 /* SecretKeys.swift in Sources */,
				C32597582C8BEFC100D9F7D5 /* CanvasItemShowcaseView.swift in Sources */,
				C325974E2C8BECC800D9F7D5 /* CanvasView.swift in Sources */,
			);
			runOnlyForDeploymentPostprocessing = 0;
		};
/* End PBXSourcesBuildPhase section */

/* Begin XCBuildConfiguration section */
		C325973D2C8BEBB800D9F7D5 /* Debug */ = {
			isa = XCBuildConfiguration;
			buildSettings = {
				ALWAYS_SEARCH_USER_PATHS = NO;
				ASSETCATALOG_COMPILER_GENERATE_SWIFT_ASSET_SYMBOL_EXTENSIONS = YES;
				CLANG_ANALYZER_NONNULL = YES;
				CLANG_ANALYZER_NUMBER_OBJECT_CONVERSION = YES_AGGRESSIVE;
				CLANG_CXX_LANGUAGE_STANDARD = "gnu++20";
				CLANG_ENABLE_MODULES = YES;
				CLANG_ENABLE_OBJC_ARC = YES;
				CLANG_ENABLE_OBJC_WEAK = YES;
				CLANG_WARN_BLOCK_CAPTURE_AUTORELEASING = YES;
				CLANG_WARN_BOOL_CONVERSION = YES;
				CLANG_WARN_COMMA = YES;
				CLANG_WARN_CONSTANT_CONVERSION = YES;
				CLANG_WARN_DEPRECATED_OBJC_IMPLEMENTATIONS = YES;
				CLANG_WARN_DIRECT_OBJC_ISA_USAGE = YES_ERROR;
				CLANG_WARN_DOCUMENTATION_COMMENTS = YES;
				CLANG_WARN_EMPTY_BODY = YES;
				CLANG_WARN_ENUM_CONVERSION = YES;
				CLANG_WARN_INFINITE_RECURSION = YES;
				CLANG_WARN_INT_CONVERSION = YES;
				CLANG_WARN_NON_LITERAL_NULL_CONVERSION = YES;
				CLANG_WARN_OBJC_IMPLICIT_RETAIN_SELF = YES;
				CLANG_WARN_OBJC_LITERAL_CONVERSION = YES;
				CLANG_WARN_OBJC_ROOT_CLASS = YES_ERROR;
				CLANG_WARN_QUOTED_INCLUDE_IN_FRAMEWORK_HEADER = YES;
				CLANG_WARN_RANGE_LOOP_ANALYSIS = YES;
				CLANG_WARN_STRICT_PROTOTYPES = YES;
				CLANG_WARN_SUSPICIOUS_MOVE = YES;
				CLANG_WARN_UNGUARDED_AVAILABILITY = YES_AGGRESSIVE;
				CLANG_WARN_UNREACHABLE_CODE = YES;
				CLANG_WARN__DUPLICATE_METHOD_MATCH = YES;
				COPY_PHASE_STRIP = NO;
				DEBUG_INFORMATION_FORMAT = dwarf;
				ENABLE_STRICT_OBJC_MSGSEND = YES;
				ENABLE_TESTABILITY = YES;
				ENABLE_USER_SCRIPT_SANDBOXING = YES;
				GCC_C_LANGUAGE_STANDARD = gnu17;
				GCC_DYNAMIC_NO_PIC = NO;
				GCC_NO_COMMON_BLOCKS = YES;
				GCC_OPTIMIZATION_LEVEL = 0;
				GCC_PREPROCESSOR_DEFINITIONS = (
					"DEBUG=1",
					"$(inherited)",
				);
				GCC_WARN_64_TO_32_BIT_CONVERSION = YES;
				GCC_WARN_ABOUT_RETURN_TYPE = YES_ERROR;
				GCC_WARN_UNDECLARED_SELECTOR = YES;
				GCC_WARN_UNINITIALIZED_AUTOS = YES_AGGRESSIVE;
				GCC_WARN_UNUSED_FUNCTION = YES;
				GCC_WARN_UNUSED_VARIABLE = YES;
				IPHONEOS_DEPLOYMENT_TARGET = 18.0;
				LOCALIZATION_PREFERS_STRING_CATALOGS = YES;
				MTL_ENABLE_DEBUG_INFO = INCLUDE_SOURCE;
				MTL_FAST_MATH = YES;
				ONLY_ACTIVE_ARCH = YES;
				SDKROOT = iphoneos;
				SWIFT_ACTIVE_COMPILATION_CONDITIONS = "DEBUG $(inherited)";
				SWIFT_OPTIMIZATION_LEVEL = "-Onone";
			};
			name = Debug;
		};
		C325973E2C8BEBB800D9F7D5 /* Release */ = {
			isa = XCBuildConfiguration;
			buildSettings = {
				ALWAYS_SEARCH_USER_PATHS = NO;
				ASSETCATALOG_COMPILER_GENERATE_SWIFT_ASSET_SYMBOL_EXTENSIONS = YES;
				CLANG_ANALYZER_NONNULL = YES;
				CLANG_ANALYZER_NUMBER_OBJECT_CONVERSION = YES_AGGRESSIVE;
				CLANG_CXX_LANGUAGE_STANDARD = "gnu++20";
				CLANG_ENABLE_MODULES = YES;
				CLANG_ENABLE_OBJC_ARC = YES;
				CLANG_ENABLE_OBJC_WEAK = YES;
				CLANG_WARN_BLOCK_CAPTURE_AUTORELEASING = YES;
				CLANG_WARN_BOOL_CONVERSION = YES;
				CLANG_WARN_COMMA = YES;
				CLANG_WARN_CONSTANT_CONVERSION = YES;
				CLANG_WARN_DEPRECATED_OBJC_IMPLEMENTATIONS = YES;
				CLANG_WARN_DIRECT_OBJC_ISA_USAGE = YES_ERROR;
				CLANG_WARN_DOCUMENTATION_COMMENTS = YES;
				CLANG_WARN_EMPTY_BODY = YES;
				CLANG_WARN_ENUM_CONVERSION = YES;
				CLANG_WARN_INFINITE_RECURSION = YES;
				CLANG_WARN_INT_CONVERSION = YES;
				CLANG_WARN_NON_LITERAL_NULL_CONVERSION = YES;
				CLANG_WARN_OBJC_IMPLICIT_RETAIN_SELF = YES;
				CLANG_WARN_OBJC_LITERAL_CONVERSION = YES;
				CLANG_WARN_OBJC_ROOT_CLASS = YES_ERROR;
				CLANG_WARN_QUOTED_INCLUDE_IN_FRAMEWORK_HEADER = YES;
				CLANG_WARN_RANGE_LOOP_ANALYSIS = YES;
				CLANG_WARN_STRICT_PROTOTYPES = YES;
				CLANG_WARN_SUSPICIOUS_MOVE = YES;
				CLANG_WARN_UNGUARDED_AVAILABILITY = YES_AGGRESSIVE;
				CLANG_WARN_UNREACHABLE_CODE = YES;
				CLANG_WARN__DUPLICATE_METHOD_MATCH = YES;
				COPY_PHASE_STRIP = NO;
				DEBUG_INFORMATION_FORMAT = "dwarf-with-dsym";
				ENABLE_NS_ASSERTIONS = NO;
				ENABLE_STRICT_OBJC_MSGSEND = YES;
				ENABLE_USER_SCRIPT_SANDBOXING = YES;
				GCC_C_LANGUAGE_STANDARD = gnu17;
				GCC_NO_COMMON_BLOCKS = YES;
				GCC_WARN_64_TO_32_BIT_CONVERSION = YES;
				GCC_WARN_ABOUT_RETURN_TYPE = YES_ERROR;
				GCC_WARN_UNDECLARED_SELECTOR = YES;
				GCC_WARN_UNINITIALIZED_AUTOS = YES_AGGRESSIVE;
				GCC_WARN_UNUSED_FUNCTION = YES;
				GCC_WARN_UNUSED_VARIABLE = YES;
				IPHONEOS_DEPLOYMENT_TARGET = 18.0;
				LOCALIZATION_PREFERS_STRING_CATALOGS = YES;
				MTL_ENABLE_DEBUG_INFO = NO;
				MTL_FAST_MATH = YES;
				SDKROOT = iphoneos;
				SWIFT_COMPILATION_MODE = wholemodule;
				VALIDATE_PRODUCT = YES;
			};
			name = Release;
		};
		C32597402C8BEBB800D9F7D5 /* Debug */ = {
			isa = XCBuildConfiguration;
			buildSettings = {
				ASSETCATALOG_COMPILER_APPICON_NAME = AppIcon;
				ASSETCATALOG_COMPILER_GLOBAL_ACCENT_COLOR_NAME = AccentColor;
				CODE_SIGN_STYLE = Automatic;
				CURRENT_PROJECT_VERSION = 1;
				DEVELOPMENT_ASSET_PATHS = "\"CanvasProjectApp/Preview Content\"";
				DEVELOPMENT_TEAM = MW2482B7WH;
				ENABLE_PREVIEWS = YES;
				GENERATE_INFOPLIST_FILE = YES;
				INFOPLIST_KEY_UIApplicationSceneManifest_Generation = YES;
				INFOPLIST_KEY_UIApplicationSupportsIndirectInputEvents = YES;
				INFOPLIST_KEY_UILaunchScreen_Generation = YES;
				INFOPLIST_KEY_UISupportedInterfaceOrientations = UIInterfaceOrientationPortrait;
				INFOPLIST_KEY_UISupportedInterfaceOrientations_iPad = "UIInterfaceOrientationLandscapeLeft UIInterfaceOrientationLandscapeRight UIInterfaceOrientationPortrait UIInterfaceOrientationPortraitUpsideDown";
				LD_RUNPATH_SEARCH_PATHS = (
					"$(inherited)",
					"@executable_path/Frameworks",
				);
				MARKETING_VERSION = 1.0;
				PRODUCT_BUNDLE_IDENTIFIER = Azman.test.CanvasProjectApp;
				PRODUCT_NAME = "$(TARGET_NAME)";
				SUPPORTED_PLATFORMS = "iphoneos iphonesimulator";
				SUPPORTS_MACCATALYST = NO;
				SUPPORTS_MAC_DESIGNED_FOR_IPHONE_IPAD = NO;
				SUPPORTS_XR_DESIGNED_FOR_IPHONE_IPAD = NO;
				SWIFT_EMIT_LOC_STRINGS = YES;
				SWIFT_VERSION = 5.0;
				TARGETED_DEVICE_FAMILY = 1;
			};
			name = Debug;
		};
		C32597412C8BEBB800D9F7D5 /* Release */ = {
			isa = XCBuildConfiguration;
			buildSettings = {
				ASSETCATALOG_COMPILER_APPICON_NAME = AppIcon;
				ASSETCATALOG_COMPILER_GLOBAL_ACCENT_COLOR_NAME = AccentColor;
				CODE_SIGN_STYLE = Automatic;
				CURRENT_PROJECT_VERSION = 1;
				DEVELOPMENT_ASSET_PATHS = "\"CanvasProjectApp/Preview Content\"";
				DEVELOPMENT_TEAM = MW2482B7WH;
				ENABLE_PREVIEWS = YES;
				GENERATE_INFOPLIST_FILE = YES;
				INFOPLIST_KEY_UIApplicationSceneManifest_Generation = YES;
				INFOPLIST_KEY_UIApplicationSupportsIndirectInputEvents = YES;
				INFOPLIST_KEY_UILaunchScreen_Generation = YES;
				INFOPLIST_KEY_UISupportedInterfaceOrientations = UIInterfaceOrientationPortrait;
				INFOPLIST_KEY_UISupportedInterfaceOrientations_iPad = "UIInterfaceOrientationLandscapeLeft UIInterfaceOrientationLandscapeRight UIInterfaceOrientationPortrait UIInterfaceOrientationPortraitUpsideDown";
				LD_RUNPATH_SEARCH_PATHS = (
					"$(inherited)",
					"@executable_path/Frameworks",
				);
				MARKETING_VERSION = 1.0;
				PRODUCT_BUNDLE_IDENTIFIER = Azman.test.CanvasProjectApp;
				PRODUCT_NAME = "$(TARGET_NAME)";
				SUPPORTED_PLATFORMS = "iphoneos iphonesimulator";
				SUPPORTS_MACCATALYST = NO;
				SUPPORTS_MAC_DESIGNED_FOR_IPHONE_IPAD = NO;
				SUPPORTS_XR_DESIGNED_FOR_IPHONE_IPAD = NO;
				SWIFT_EMIT_LOC_STRINGS = YES;
				SWIFT_VERSION = 5.0;
				TARGETED_DEVICE_FAMILY = 1;
			};
			name = Release;
		};
/* End XCBuildConfiguration section */

/* Begin XCConfigurationList section */
		C32597162C8BEBB600D9F7D5 /* Build configuration list for PBXProject "CanvasProjectApp" */ = {
			isa = XCConfigurationList;
			buildConfigurations = (
				C325973D2C8BEBB800D9F7D5 /* Debug */,
				C325973E2C8BEBB800D9F7D5 /* Release */,
			);
			defaultConfigurationIsVisible = 0;
			defaultConfigurationName = Release;
		};
		C325973F2C8BEBB800D9F7D5 /* Build configuration list for PBXNativeTarget "CanvasProjectApp" */ = {
			isa = XCConfigurationList;
			buildConfigurations = (
				C32597402C8BEBB800D9F7D5 /* Debug */,
				C32597412C8BEBB800D9F7D5 /* Release */,
			);
			defaultConfigurationIsVisible = 0;
			defaultConfigurationName = Release;
		};
/* End XCConfigurationList section */
	};
	rootObject = C32597132C8BEBB600D9F7D5 /* Project object */;
}
